
Microsoft Visual Studio Solution File, Format Version 12.00
# Visual Studio Version 17
VisualStudioVersion = 17.9.34701.34
MinimumVisualStudioVersion = 10.0.40219.1
Project("{9A19103F-16F7-4668-BE54-9A1E7A4F7556}") = "Proyecto Programado.UI", "Proyecto Programado.UI\Proyecto Programado.UI.csproj", "{74688E5C-221E-456D-B2B8-B00B3578F63D}"
EndProject
Project("{9A19103F-16F7-4668-BE54-9A1E7A4F7556}") = "Proyecto Programado.DA", "Proyecto Programado.DA\Proyecto Programado.DA.csproj", "{5255A279-4DF0-47F8-B0F0-483603830A2F}"
EndProject
Project("{9A19103F-16F7-4668-BE54-9A1E7A4F7556}") = "Proyecto Programado.Model", "Proyecto Programado.Model\Proyecto Programado.Model.csproj", "{902788B5-B7CB-4B28-8242-EC30049F5B51}"
EndProject
Project("{9A19103F-16F7-4668-BE54-9A1E7A4F7556}") = "Proyecto Programado.BL", "Proyecto Programado.BL\Proyecto Programado.BL.csproj", "{C5F4838B-0A6C-4206-9BE5-D8F89A1A5333}"
EndProject
Project("{9A19103F-16F7-4668-BE54-9A1E7A4F7556}") = "ProyectoProgramado.SI", "ProyectoProgramado.SI\ProyectoProgramado.SI.csproj", "{3589FFDF-D299-46EF-935E-463DBD473439}"
EndProject
Project("{9A19103F-16F7-4668-BE54-9A1E7A4F7556}") = "AM_Proyecto", "AM_Proyecto\AM_Proyecto.csproj", "{90825DE1-7A5D-4EF9-B3D4-0F07FB0CF31B}"
EndProject
Global
	GlobalSection(SolutionConfigurationPlatforms) = preSolution
		Debug|Any CPU = Debug|Any CPU
		Release|Any CPU = Release|Any CPU
	EndGlobalSection
	GlobalSection(ProjectConfigurationPlatforms) = postSolution
		{74688E5C-221E-456D-B2B8-B00B3578F63D}.Debug|Any CPU.ActiveCfg = Debug|Any CPU
		{74688E5C-221E-456D-B2B8-B00B3578F63D}.Debug|Any CPU.Build.0 = Debug|Any CPU
		{74688E5C-221E-456D-B2B8-B00B3578F63D}.Release|Any CPU.ActiveCfg = Release|Any CPU
		{74688E5C-221E-456D-B2B8-B00B3578F63D}.Release|Any CPU.Build.0 = Release|Any CPU
		{5255A279-4DF0-47F8-B0F0-483603830A2F}.Debug|Any CPU.ActiveCfg = Debug|Any CPU
		{5255A279-4DF0-47F8-B0F0-483603830A2F}.Debug|Any CPU.Build.0 = Debug|Any CPU
		{5255A279-4DF0-47F8-B0F0-483603830A2F}.Release|Any CPU.ActiveCfg = Release|Any CPU
		{5255A279-4DF0-47F8-B0F0-483603830A2F}.Release|Any CPU.Build.0 = Release|Any CPU
		{902788B5-B7CB-4B28-8242-EC30049F5B51}.Debug|Any CPU.ActiveCfg = Debug|Any CPU
		{902788B5-B7CB-4B28-8242-EC30049F5B51}.Debug|Any CPU.Build.0 = Debug|Any CPU
		{902788B5-B7CB-4B28-8242-EC30049F5B51}.Release|Any CPU.ActiveCfg = Release|Any CPU
		{902788B5-B7CB-4B28-8242-EC30049F5B51}.Release|Any CPU.Build.0 = Release|Any CPU
		{C5F4838B-0A6C-4206-9BE5-D8F89A1A5333}.Debug|Any CPU.ActiveCfg = Debug|Any CPU
		{C5F4838B-0A6C-4206-9BE5-D8F89A1A5333}.Debug|Any CPU.Build.0 = Debug|Any CPU
		{C5F4838B-0A6C-4206-9BE5-D8F89A1A5333}.Release|Any CPU.ActiveCfg = Release|Any CPU
		{C5F4838B-0A6C-4206-9BE5-D8F89A1A5333}.Release|Any CPU.Build.0 = Release|Any CPU
		{3589FFDF-D299-46EF-935E-463DBD473439}.Debug|Any CPU.ActiveCfg = Debug|Any CPU
		{3589FFDF-D299-46EF-935E-463DBD473439}.Debug|Any CPU.Build.0 = Debug|Any CPU
		{3589FFDF-D299-46EF-935E-463DBD473439}.Release|Any CPU.ActiveCfg = Release|Any CPU
		{3589FFDF-D299-46EF-935E-463DBD473439}.Release|Any CPU.Build.0 = Release|Any CPU
		{90825DE1-7A5D-4EF9-B3D4-0F07FB0CF31B}.Debug|Any CPU.ActiveCfg = Debug|Any CPU
		{90825DE1-7A5D-4EF9-B3D4-0F07FB0CF31B}.Debug|Any CPU.Build.0 = Debug|Any CPU
		{90825DE1-7A5D-4EF9-B3D4-0F07FB0CF31B}.Release|Any CPU.ActiveCfg = Release|Any CPU
		{90825DE1-7A5D-4EF9-B3D4-0F07FB0CF31B}.Release|Any CPU.Build.0 = Release|Any CPU
	EndGlobalSection
	GlobalSection(SolutionProperties) = preSolution
		HideSolutionNode = FALSE
	EndGlobalSection
	GlobalSection(ExtensibilityGlobals) = postSolution
		SolutionGuid = {0C187F08-F3F4-4DB6-A30F-F924E1355803}
	EndGlobalSection
EndGlobal
